// !$*UTF8*$!
{
	archiveVersion = 1;
	classes = {
	};
	objectVersion = 46;
	objects = {

/* Begin PBXBuildFile section */
		FC83F4081C3BFA8700EC8003 /* main.m in Sources */ = {isa = PBXBuildFile; fileRef = FC83F4071C3BFA8700EC8003 /* main.m */; };
		FC83F40B1C3BFA8700EC8003 /* AppDelegate.m in Sources */ = {isa = PBXBuildFile; fileRef = FC83F40A1C3BFA8700EC8003 /* AppDelegate.m */; };
		FC83F40E1C3BFA8700EC8003 /* ViewController.m in Sources */ = {isa = PBXBuildFile; fileRef = FC83F40D1C3BFA8700EC8003 /* ViewController.m */; };
		FC83F4111C3BFA8700EC8003 /* Main.storyboard in Resources */ = {isa = PBXBuildFile; fileRef = FC83F40F1C3BFA8700EC8003 /* Main.storyboard */; };
		FC83F4131C3BFA8700EC8003 /* Assets.xcassets in Resources */ = {isa = PBXBuildFile; fileRef = FC83F4121C3BFA8700EC8003 /* Assets.xcassets */; };
		FC83F4161C3BFA8700EC8003 /* LaunchScreen.storyboard in Resources */ = {isa = PBXBuildFile; fileRef = FC83F4141C3BFA8700EC8003 /* LaunchScreen.storyboard */; };
		FC83F4211C3BFAAC00EC8003 /* LRLChannelEditController.m in Sources */ = {isa = PBXBuildFile; fileRef = FC83F41F1C3BFAAC00EC8003 /* LRLChannelEditController.m */; };
		FC83F4221C3BFAAC00EC8003 /* LRLChannelEditController.xib in Resources */ = {isa = PBXBuildFile; fileRef = FC83F4201C3BFAAC00EC8003 /* LRLChannelEditController.xib */; };
		FC83F4251C3BFBB600EC8003 /* ChannelUnitModel.m in Sources */ = {isa = PBXBuildFile; fileRef = FC83F4241C3BFBB600EC8003 /* ChannelUnitModel.m */; };
		FC83F4281C3BFC1C00EC8003 /* TouchView.m in Sources */ = {isa = PBXBuildFile; fileRef = FC83F4271C3BFC1C00EC8003 /* TouchView.m */; };
/* End PBXBuildFile section */

/* Begin PBXFileReference section */
		FC83F4031C3BFA8700EC8003 /* ChannelEditDemo.app */ = {isa = PBXFileReference; explicitFileType = wrapper.application; includeInIndex = 0; path = ChannelEditDemo.app; sourceTree = BUILT_PRODUCTS_DIR; };
		FC83F4071C3BFA8700EC8003 /* main.m */ = {isa = PBXFileReference; lastKnownFileType = sourcecode.c.objc; path = main.m; sourceTree = "<group>"; };
		FC83F4091C3BFA8700EC8003 /* AppDelegate.h */ = {isa = PBXFileReference; lastKnownFileType = sourcecode.c.h; path = AppDelegate.h; sourceTree = "<group>"; };
		FC83F40A1C3BFA8700EC8003 /* AppDelegate.m */ = {isa = PBXFileReference; lastKnownFileType = sourcecode.c.objc; path = AppDelegate.m; sourceTree = "<group>"; };
		FC83F40C1C3BFA8700EC8003 /* ViewController.h */ = {isa = PBXFileReference; lastKnownFileType = sourcecode.c.h; path = ViewController.h; sourceTree = "<group>"; };
		FC83F40D1C3BFA8700EC8003 /* ViewController.m */ = {isa = PBXFileReference; lastKnownFileType = sourcecode.c.objc; path = ViewController.m; sourceTree = "<group>"; };
		FC83F4101C3BFA8700EC8003 /* Base */ = {isa = PBXFileReference; lastKnownFileType = file.storyboard; name = Base; path = Base.lproj/Main.storyboard; sourceTree = "<group>"; };
		FC83F4121C3BFA8700EC8003 /* Assets.xcassets */ = {isa = PBXFileReference; lastKnownFileType = folder.assetcatalog; path = Assets.xcassets; sourceTree = "<group>"; };
		FC83F4151C3BFA8700EC8003 /* Base */ = {isa = PBXFileReference; lastKnownFileType = file.storyboard; name = Base; path = Base.lproj/LaunchScreen.storyboard; sourceTree = "<group>"; };
		FC83F4171C3BFA8700EC8003 /* Info.plist */ = {isa = PBXFileReference; lastKnownFileType = text.plist.xml; path = Info.plist; sourceTree = "<group>"; };
		FC83F41E1C3BFAAC00EC8003 /* LRLChannelEditController.h */ = {isa = PBXFileReference; fileEncoding = 4; lastKnownFileType = sourcecode.c.h; path = LRLChannelEditController.h; sourceTree = "<group>"; };
		FC83F41F1C3BFAAC00EC8003 /* LRLChannelEditController.m */ = {isa = PBXFileReference; fileEncoding = 4; lastKnownFileType = sourcecode.c.objc; path = LRLChannelEditController.m; sourceTree = "<group>"; };
		FC83F4201C3BFAAC00EC8003 /* LRLChannelEditController.xib */ = {isa = PBXFileReference; fileEncoding = 4; lastKnownFileType = file.xib; path = LRLChannelEditController.xib; sourceTree = "<group>"; };
		FC83F4231C3BFBB600EC8003 /* ChannelUnitModel.h */ = {isa = PBXFileReference; fileEncoding = 4; lastKnownFileType = sourcecode.c.h; path = ChannelUnitModel.h; sourceTree = "<group>"; };
		FC83F4241C3BFBB600EC8003 /* ChannelUnitModel.m */ = {isa = PBXFileReference; fileEncoding = 4; lastKnownFileType = sourcecode.c.objc; path = ChannelUnitModel.m; sourceTree = "<group>"; };
		FC83F4261C3BFC1C00EC8003 /* TouchView.h */ = {isa = PBXFileReference; fileEncoding = 4; lastKnownFileType = sourcecode.c.h; path = TouchView.h; sourceTree = "<group>"; };
		FC83F4271C3BFC1C00EC8003 /* TouchView.m */ = {isa = PBXFileReference; fileEncoding = 4; lastKnownFileType = sourcecode.c.objc; path = TouchView.m; sourceTree = "<group>"; };
/* End PBXFileReference section */

/* Begin PBXFrameworksBuildPhase section */
		FC83F4001C3BFA8700EC8003 /* Frameworks */ = {
			isa = PBXFrameworksBuildPhase;
			buildActionMask = 2147483647;
			files = (
			);
			runOnlyForDeploymentPostprocessing = 0;
		};
/* End PBXFrameworksBuildPhase section */

/* Begin PBXGroup section */
		FC83F3FA1C3BFA8600EC8003 = {
			isa = PBXGroup;
			children = (
				FC83F4051C3BFA8700EC8003 /* ChannelEditDemo */,
				FC83F4041C3BFA8700EC8003 /* Products */,
			);
			sourceTree = "<group>";
		};
		FC83F4041C3BFA8700EC8003 /* Products */ = {
			isa = PBXGroup;
			children = (
				FC83F4031C3BFA8700EC8003 /* ChannelEditDemo.app */,
			);
			name = Products;
			sourceTree = "<group>";
		};
		FC83F4051C3BFA8700EC8003 /* ChannelEditDemo */ = {
			isa = PBXGroup;
			children = (
				FC83F4091C3BFA8700EC8003 /* AppDelegate.h */,
				FC83F40A1C3BFA8700EC8003 /* AppDelegate.m */,
				FC83F41D1C3BFAAC00EC8003 /* LRLChannelEdit */,
				FC83F40C1C3BFA8700EC8003 /* ViewController.h */,
				FC83F40D1C3BFA8700EC8003 /* ViewController.m */,
				FC83F40F1C3BFA8700EC8003 /* Main.storyboard */,
				FC83F4121C3BFA8700EC8003 /* Assets.xcassets */,
				FC83F4141C3BFA8700EC8003 /* LaunchScreen.storyboard */,
				FC83F4171C3BFA8700EC8003 /* Info.plist */,
				FC83F4061C3BFA8700EC8003 /* Supporting Files */,
			);
			path = ChannelEditDemo;
			sourceTree = "<group>";
		};
		FC83F4061C3BFA8700EC8003 /* Supporting Files */ = {
			isa = PBXGroup;
			children = (
				FC83F4071C3BFA8700EC8003 /* main.m */,
			);
			name = "Supporting Files";
			sourceTree = "<group>";
		};
		FC83F41D1C3BFAAC00EC8003 /* LRLChannelEdit */ = {
			isa = PBXGroup;
			children = (
				FC83F4231C3BFBB600EC8003 /* ChannelUnitModel.h */,
				FC83F4241C3BFBB600EC8003 /* ChannelUnitModel.m */,
				FC83F4261C3BFC1C00EC8003 /* TouchView.h */,
				FC83F4271C3BFC1C00EC8003 /* TouchView.m */,
				FC83F41E1C3BFAAC00EC8003 /* LRLChannelEditController.h */,
				FC83F41F1C3BFAAC00EC8003 /* LRLChannelEditController.m */,
				FC83F4201C3BFAAC00EC8003 /* LRLChannelEditController.xib */,
			);
			path = LRLChannelEdit;
			sourceTree = "<group>";
		};
/* End PBXGroup section */

/* Begin PBXNativeTarget section */
		FC83F4021C3BFA8700EC8003 /* ChannelEditDemo */ = {
			isa = PBXNativeTarget;
			buildConfigurationList = FC83F41A1C3BFA8700EC8003 /* Build configuration list for PBXNativeTarget "ChannelEditDemo" */;
			buildPhases = (
				FC83F3FF1C3BFA8700EC8003 /* Sources */,
				FC83F4001C3BFA8700EC8003 /* Frameworks */,
				FC83F4011C3BFA8700EC8003 /* Resources */,
			);
			buildRules = (
			);
			dependencies = (
			);
			name = ChannelEditDemo;
			productName = ChannelEditDemo;
			productReference = FC83F4031C3BFA8700EC8003 /* ChannelEditDemo.app */;
			productType = "com.apple.product-type.application";
		};
/* End PBXNativeTarget section */

/* Begin PBXProject section */
		FC83F3FB1C3BFA8600EC8003 /* Project object */ = {
			isa = PBXProject;
			attributes = {
				LastUpgradeCheck = 0720;
				ORGANIZATIONNAME = liuRuiLong;
				TargetAttributes = {
					FC83F4021C3BFA8700EC8003 = {
						CreatedOnToolsVersion = 7.2;
					};
				};
			};
			buildConfigurationList = FC83F3FE1C3BFA8600EC8003 /* Build configuration list for PBXProject "ChannelEditDemo" */;
			compatibilityVersion = "Xcode 3.2";
			developmentRegion = English;
			hasScannedForEncodings = 0;
			knownRegions = (
				en,
				Base,
			);
			mainGroup = FC83F3FA1C3BFA8600EC8003;
			productRefGroup = FC83F4041C3BFA8700EC8003 /* Products */;
			projectDirPath = "";
			projectRoot = "";
			targets = (
				FC83F4021C3BFA8700EC8003 /* ChannelEditDemo */,
			);
		};
/* End PBXProject section */

/* Begin PBXResourcesBuildPhase section */
		FC83F4011C3BFA8700EC8003 /* Resources */ = {
			isa = PBXResourcesBuildPhase;
			buildActionMask = 2147483647;
			files = (
				FC83F4161C3BFA8700EC8003 /* LaunchScreen.storyboard in Resources */,
				FC83F4131C3BFA8700EC8003 /* Assets.xcassets in Resources */,
				FC83F4221C3BFAAC00EC8003 /* LRLChannelEditController.xib in Resources */,
				FC83F4111C3BFA8700EC8003 /* Main.storyboard in Resources */,
			);
			runOnlyForDeploymentPostprocessing = 0;
		};
/* End PBXResourcesBuildPhase section */

/* Begin PBXSourcesBuildPhase section */
		FC83F3FF1C3BFA8700EC8003 /* Sources */ = {
			isa = PBXSourcesBuildPhase;
			buildActionMask = 2147483647;
			files = (
				FC83F4281C3BFC1C00EC8003 /* TouchView.m in Sources */,
				FC83F40E1C3BFA8700EC8003 /* ViewController.m in Sources */,
				FC83F40B1C3BFA8700EC8003 /* AppDelegate.m in Sources */,
				FC83F4211C3BFAAC00EC8003 /* LRLChannelEditController.m in Sources */,
				FC83F4081C3BFA8700EC8003 /* main.m in Sources */,
				FC83F4251C3BFBB600EC8003 /* ChannelUnitModel.m in Sources */,
			);
			runOnlyForDeploymentPostprocessing = 0;
		};
/* End PBXSourcesBuildPhase section */

/* Begin PBXVariantGroup section */
		FC83F40F1C3BFA8700EC8003 /* Main.storyboard */ = {
			isa = PBXVariantGroup;
			children = (
				FC83F4101C3BFA8700EC8003 /* Base */,
			);
			name = Main.storyboard;
			sourceTree = "<group>";
		};
		FC83F4141C3BFA8700EC8003 /* LaunchScreen.storyboard */ = {
			isa = PBXVariantGroup;
			children = (
				FC83F4151C3BFA8700EC8003 /* Base */,
			);
			name = LaunchScreen.storyboard;
			sourceTree = "<group>";
		};
/* End PBXVariantGroup section */

/* Begin XCBuildConfiguration section */
		FC83F4181C3BFA8700EC8003 /* Debug */ = {
			isa = XCBuildConfiguration;
			buildSettings = {
				ALWAYS_SEARCH_USER_PATHS = NO;
				CLANG_CXX_LANGUAGE_STANDARD = "gnu++0x";
				CLANG_CXX_LIBRARY = "libc++";
				CLANG_ENABLE_MODULES = YES;
				CLANG_ENABLE_OBJC_ARC = YES;
				CLANG_WARN_BOOL_CONVERSION = YES;
				CLANG_WARN_CONSTANT_CONVERSION = YES;
				CLANG_WARN_DIRECT_OBJC_ISA_USAGE = YES_ERROR;
				CLANG_WARN_EMPTY_BODY = YES;
				CLANG_WARN_ENUM_CONVERSION = YES;
				CLANG_WARN_INT_CONVERSION = YES;
				CLANG_WARN_OBJC_ROOT_CLASS = YES_ERROR;
				CLANG_WARN_UNREACHABLE_CODE = YES;
				CLANG_WARN__DUPLICATE_METHOD_MATCH = YES;
				"CODE_SIGN_IDENTITY[sdk=iphoneos*]" = "iPhone Developer";
				COPY_PHASE_STRIP = NO;
				DEBUG_INFORMATION_FORMAT = dwarf;
				ENABLE_STRICT_OBJC_MSGSEND = YES;
				ENABLE_TESTABILITY = YES;
				GCC_C_LANGUAGE_STANDARD = gnu99;
				GCC_DYNAMIC_NO_PIC = NO;
				GCC_NO_COMMON_BLOCKS = YES;
				GCC_OPTIMIZATION_LEVEL = 0;
				GCC_PREPROCESSOR_DEFINITIONS = (
					"DEBUG=1",
					"$(inherited)",
				);
				GCC_WARN_64_TO_32_BIT_CONVERSION = YES;
				GCC_WARN_ABOUT_RETURN_TYPE = YES_ERROR;
				GCC_WARN_UNDECLARED_SELECTOR = YES;
				GCC_WARN_UNINITIALIZED_AUTOS = YES_AGGRESSIVE;
				GCC_WARN_UNUSED_FUNCTION = YES;
				GCC_WARN_UNUSED_VARIABLE = YES;
				IPHONEOS_DEPLOYMENT_TARGET = 7.0;
				MTL_ENABLE_DEBUG_INFO = YES;
				ONLY_ACTIVE_ARCH = YES;
				SDKROOT = iphoneos;
				TARGETED_DEVICE_FAMILY = "1,2";
			};
			name = Debug;
		};
		FC83F4191C3BFA8700EC8003 /* Release */ = {
			isa = XCBuildConfiguration;
			buildSettings = {
				ALWAYS_SEARCH_USER_PATHS = NO;
				CLANG_CXX_LANGUAGE_STANDARD = "gnu++0x";
				CLANG_CXX_LIBRARY = "libc++";
				CLANG_ENABLE_MODULES = YES;
				CLANG_ENABLE_OBJC_ARC = YES;
				CLANG_WARN_BOOL_CONVERSION = YES;
				CLANG_WARN_CONSTANT_CONVERSION = YES;
				CLANG_WARN_DIRECT_OBJC_ISA_USAGE = YES_ERROR;
				CLANG_WARN_EMPTY_BODY = YES;
				CLANG_WARN_ENUM_CONVERSION = YES;
				CLANG_WARN_INT_CONVERSION = YES;
				CLANG_WARN_OBJC_ROOT_CLASS = YES_ERROR;
				CLANG_WARN_UNREACHABLE_CODE = YES;
				CLANG_WARN__DUPLICATE_METHOD_MATCH = YES;
				"CODE_SIGN_IDENTITY[sdk=iphoneos*]" = "iPhone Developer";
				COPY_PHASE_STRIP = NO;
				DEBUG_INFORMATION_FORMAT = "dwarf-with-dsym";
				ENABLE_NS_ASSERTIONS = NO;
				ENABLE_STRICT_OBJC_MSGSEND = YES;
				GCC_C_LANGUAGE_STANDARD = gnu99;
				GCC_NO_COMMON_BLOCKS = YES;
				GCC_WARN_64_TO_32_BIT_CONVERSION = YES;
				GCC_WARN_ABOUT_RETURN_TYPE = YES_ERROR;
				GCC_WARN_UNDECLARED_SELECTOR = YES;
				GCC_WARN_UNINITIALIZED_AUTOS = YES_AGGRESSIVE;
				GCC_WARN_UNUSED_FUNCTION = YES;
				GCC_WARN_UNUSED_VARIABLE = YES;
				IPHONEOS_DEPLOYMENT_TARGET = 7.0;
				MTL_ENABLE_DEBUG_INFO = NO;
				SDKROOT = iphoneos;
				TARGETED_DEVICE_FAMILY = "1,2";
				VALIDATE_PRODUCT = YES;
			};
			name = Release;
		};
		FC83F41B1C3BFA8700EC8003 /* Debug */ = {
			isa = XCBuildConfiguration;
			buildSettings = {
				ASSETCATALOG_COMPILER_APPICON_NAME = AppIcon;
				INFOPLIST_FILE = ChannelEditDemo/Info.plist;
				IPHONEOS_DEPLOYMENT_TARGET = 7.0;
				LD_RUNPATH_SEARCH_PATHS = "$(inherited) @executable_path/Frameworks";
				PRODUCT_BUNDLE_IDENTIFIER = "---.ChannelEditDemo";
				PRODUCT_NAME = "$(TARGET_NAME)";
			};
			name = Debug;
		};
		FC83F41C1C3BFA8700EC8003 /* Release */ = {
			isa = XCBuildConfiguration;
			buildSettings = {
				ASSETCATALOG_COMPILER_APPICON_NAME = AppIcon;
				INFOPLIST_FILE = ChannelEditDemo/Info.plist;
				IPHONEOS_DEPLOYMENT_TARGET = 7.0;
				LD_RUNPATH_SEARCH_PATHS = "$(inherited) @executable_path/Frameworks";
				PRODUCT_BUNDLE_IDENTIFIER = "---.ChannelEditDemo";
				PRODUCT_NAME = "$(TARGET_NAME)";
			};
			name = Release;
		};
/* End XCBuildConfiguration section */

/* Begin XCConfigurationList section */
		FC83F3FE1C3BFA8600EC8003 /* Build configuration list for PBXProject "ChannelEditDemo" */ = {
			isa = XCConfigurationList;
			buildConfigurations = (
				FC83F4181C3BFA8700EC8003 /* Debug */,
				FC83F4191C3BFA8700EC8003 /* Release */,
			);
			defaultConfigurationIsVisible = 0;
			defaultConfigurationName = Release;
		};
		FC83F41A1C3BFA8700EC8003 /* Build configuration list for PBXNativeTarget "ChannelEditDemo" */ = {
			isa = XCConfigurationList;
			buildConfigurations = (
				FC83F41B1C3BFA8700EC8003 /* Debug */,
				FC83F41C1C3BFA8700EC8003 /* Release */,
			);
			defaultConfigurationIsVisible = 0;
		};
/* End XCConfigurationList section */
	};
	rootObject = FC83F3FB1C3BFA8600EC8003 /* Project object */;
}
